github.com/mwat56/sourceerror v0.2.1 h1:Ubw2O15OQkC10dDjeKIUa3xxdUqYqhh2sJG2CDQBKmc=
github.com/mwat56/sourceerror v0.2.1/go.mod h1:2+K1LelFwjJCKf68ahzrHP4UbQkKXvQgWhmg/2/q6Bw=
golang.org/x/sys v0.31.0 h1:ioabZlmFYtWhL+TRYpcnNlLwhyxaM9kWTDEmfnprqik=
golang.org/x/sys v0.31.0/go.mod h1:BJP2sWEmIv4KK5OTEluFJCKSidICx8ciO85XgH3Ak8k=
