github.com/mwat56/sourceerror v0.2.1 h1:Ubw2O15OQkC10dDjeKIUa3xxdUqYqhh2sJG2CDQBKmc=
github.com/mwat56/sourceerror v0.2.1/go.mod h1:2+K1LelFwjJCKf68ahzrHP4UbQkKXvQgWhmg/2/q6Bw=
golang.org/x/sys v0.28.0 h1:Fksou7UEQUWlKvIdsqzJmUmCX3cZuD2+P3XyyzwMhlA=
golang.org/x/sys v0.28.0/go.mod h1:/VUhepiaJMQUp4+oa/7Zr1D23ma6VTLIYjOOTFZPUcA=
